{
  "name": "tree-sitter-vibescript",
  "version": "0.70.0",
  "lockfileVersion": 3,
  "requires": true,
  "packages": {
    "": {
      "name": "tree-sitter-vibescript",
      "version": "0.70.0",
      "license": "MIT",
      "dependencies": {
        "nan": "^2.18.0"
      },
      "devDependencies": {
        "tree-sitter-cli": "0.26.13"
      }
    },
    "node_modules/nan": {
      "version": "2.28.0",
      "license": "MIT"
    },
    "node_modules/tree-sitter-cli": {
      "version": "0.26.13",
      "dev": true,
      "hasInstallScript": true,
      "license": "MIT",
      "bin": {
        "tree-sitter": "cli.js"
      },
      "engines": {
        "node": ">=12.0.0"
      }
    }
  }
}
